{
  "name": "homora-v2",
  "version": "1.0.0",
  "lockfileVersion": 1,
  "requires": true,
  "dependencies": {
    "@solidity-parser/parser": {
      "version": "0.9.1",
      "resolved": "https://registry.npmjs.org/@solidity-parser/parser/-/parser-0.9.1.tgz",
      "integrity": "sha512-ewNo+ZEQX8mFUOlTK6+0IYvM++6+iEeRBIBg4Mh8ghgRX72bkXJh6AWLWe/SG5+3WPdDL84MSsAlrvWFsGRdFw==",
      "requires": {
        "antlr4": "^4.8.0"
      }
    },
    "ansi-regex": {
      "version": "5.0.0",
      "resolved": "https://registry.npmjs.org/ansi-regex/-/ansi-regex-5.0.0.tgz",
      "integrity": "sha512-bY6fj56OUQ0hU1KjFNDQuJFezqKdrAyFdIevADiqrWHwSlbmBNMHp5ak2f40Pm8JTFyM2mqxkG6ngkHO11f/lg=="
    },
    "antlr4": {
      "version": "4.8.0",
      "resolved": "https://registry.npmjs.org/antlr4/-/antlr4-4.8.0.tgz",
      "integrity": "sha512-en/MxQ4OkPgGJQ3wD/muzj1uDnFSzdFIhc2+c6bHZokWkuBb6RRvFjpWhPxWLbgQvaEzldJZ0GSQpfSAaE3hqg=="
    },
    "dir-to-object": {
      "version": "2.0.0",
      "resolved": "https://registry.npmjs.org/dir-to-object/-/dir-to-object-2.0.0.tgz",
      "integrity": "sha512-sXs0JKIhymON7T1UZuO2Ud6VTNAx/VTBXIl4+3mjb2RgfOpt+hectX0x04YqPOPdkeOAKoJuKqwqnXXURNPNEA=="
    },
    "emoji-regex": {
      "version": "9.2.0",
      "resolved": "https://registry.npmjs.org/emoji-regex/-/emoji-regex-9.2.0.tgz",
      "integrity": "sha512-DNc3KFPK18bPdElMJnf/Pkv5TXhxFU3YFDEuGLDRtPmV4rkmCjBkCSEp22u6rBHdSN9Vlp/GK7k98prmE1Jgug=="
    },
    "escape-string-regexp": {
      "version": "4.0.0",
      "resolved": "https://registry.npmjs.org/escape-string-regexp/-/escape-string-regexp-4.0.0.tgz",
      "integrity": "sha512-TtpcNJ3XAzx3Gq8sWRzJaVajRs0uVxA2YAkdb1jm2YkPz4G6egUFAyA3n5vtEIZefPk5Wa4UXbKuS5fKkJWdgA=="
    },
    "is-fullwidth-code-point": {
      "version": "3.0.0",
      "resolved": "https://registry.npmjs.org/is-fullwidth-code-point/-/is-fullwidth-code-point-3.0.0.tgz",
      "integrity": "sha512-zymm5+u+sCsSWyD9qNaejV3DFvhCKclKdizYaJUuHA83RLjb7nSuGnddCHGv0hk+KY7BMAlsWeK4Ueg6EV6XQg=="
    },
    "prettier": {
      "version": "2.2.0",
      "resolved": "https://registry.npmjs.org/prettier/-/prettier-2.2.0.tgz",
      "integrity": "sha512-yYerpkvseM4iKD/BXLYUkQV5aKt4tQPqaGW6EsZjzyu0r7sVZZNPJW4Y8MyKmicp6t42XUPcBVA+H6sB3gqndw=="
    },
    "prettier-plugin-solidity": {
      "version": "1.0.0-beta.1",
      "resolved": "https://registry.npmjs.org/prettier-plugin-solidity/-/prettier-plugin-solidity-1.0.0-beta.1.tgz",
      "integrity": "sha512-kfPkR+UscT/Cw+2O8RSh6gCnIY4qsJJtuE4xZpIq42EyNyTLBabDwjH1QocXHwmlgL6QffydDge76ERlyJRaAA==",
      "requires": {
        "@solidity-parser/parser": "^0.9.1",
        "dir-to-object": "^2.0.0",
        "emoji-regex": "^9.0.0",
        "escape-string-regexp": "^4.0.0",
        "prettier": "^2.0.5",
        "semver": "^7.3.2",
        "solidity-comments-extractor": "^0.0.4",
        "string-width": "^4.2.0"
      }
    },
    "semver": {
      "version": "7.3.2",
      "resolved": "https://registry.npmjs.org/semver/-/semver-7.3.2.tgz",
      "integrity": "sha512-OrOb32TeeambH6UrhtShmF7CRDqhL6/5XpPNp2DuRH6+9QLw/orhp72j87v8Qa1ScDkvrrBNpZcDejAirJmfXQ=="
    },
    "solidity-comments-extractor": {
      "version": "0.0.4",
      "resolved": "https://registry.npmjs.org/solidity-comments-extractor/-/solidity-comments-extractor-0.0.4.tgz",
      "integrity": "sha512-58glBODwXIKMaQ7rfcJOrWtFQMMOK28tJ0/LcB5Xhu7WtAxk4UX2fpgKPuaL41XjMp/y0gAa1MTLqk018wuSzA=="
    },
    "string-width": {
      "version": "4.2.0",
      "resolved": "https://registry.npmjs.org/string-width/-/string-width-4.2.0.tgz",
      "integrity": "sha512-zUz5JD+tgqtuDjMhwIg5uFVV3dtqZ9yQJlZVfq4I01/K5Paj5UHj7VyrQOJvzawSVlKpObApbfD0Ed6yJc+1eg==",
      "requires": {
        "emoji-regex": "^8.0.0",
        "is-fullwidth-code-point": "^3.0.0",
        "strip-ansi": "^6.0.0"
      },
      "dependencies": {
        "emoji-regex": {
          "version": "8.0.0",
          "resolved": "https://registry.npmjs.org/emoji-regex/-/emoji-regex-8.0.0.tgz",
          "integrity": "sha512-MSjYzcWNOA0ewAHpz0MxpYFvwg6yjy1NG3xteoqz644VCo/RPgnr1/GGt+ic3iJTzQ8Eu3TdM14SawnVUmGE6A=="
        }
      }
    },
    "strip-ansi": {
      "version": "6.0.0",
      "resolved": "https://registry.npmjs.org/strip-ansi/-/strip-ansi-6.0.0.tgz",
      "integrity": "sha512-AuvKTrTfQNYNIctbR1K/YGTR1756GycPsg7b9bdV9Duqur4gv6aKqHXah67Z8ImS7WEz5QVcOtlfW2rZEugt6w==",
      "requires": {
        "ansi-regex": "^5.0.0"
      }
    }
  }
}
